// !$*UTF8*$!
{
	archiveVersion = 1;
	classes = {
	};
	objectVersion = 50;
	objects = {

/* Begin PBXBuildFile section */
		56D803F922A6E522000F5A78 /* AppDelegate.swift in Sources */ = {isa = PBXBuildFile; fileRef = 56D803F822A6E522000F5A78 /* AppDelegate.swift */; };
		56D803FB22A6E522000F5A78 /* ContentView.swift in Sources */ = {isa = PBXBuildFile; fileRef = 56D803FA22A6E522000F5A78 /* ContentView.swift */; };
		56D803FD22A6E524000F5A78 /* Assets.xcassets in Resources */ = {isa = PBXBuildFile; fileRef = 56D803FC22A6E524000F5A78 /* Assets.xcassets */; };
		56D8040022A6E524000F5A78 /* Preview Assets.xcassets in Resources */ = {isa = PBXBuildFile; fileRef = 56D803FF22A6E524000F5A78 /* Preview Assets.xcassets */; };
		56D8040322A6E524000F5A78 /* Main.storyboard in Resources */ = {isa = PBXBuildFile; fileRef = 56D8040122A6E524000F5A78 /* Main.storyboard */; };
		56D8040F22A6E525000F5A78 /* counterTests.swift in Sources */ = {isa = PBXBuildFile; fileRef = 56D8040E22A6E525000F5A78 /* counterTests.swift */; };
/* End PBXBuildFile section */

/* Begin PBXContainerItemProxy section */
		56D8040B22A6E525000F5A78 /* PBXContainerItemProxy */ = {
			isa = PBXContainerItemProxy;
			containerPortal = 56D803ED22A6E522000F5A78 /* Project object */;
			proxyType = 1;
			remoteGlobalIDString = 56D803F422A6E522000F5A78;
			remoteInfo = counter;
		};
/* End PBXContainerItemProxy section */

/* Begin PBXFileReference section */
		56D803F522A6E522000F5A78 /* counter.app */ = {isa = PBXFileReference; explicitFileType = wrapper.application; includeInIndex = 0; path = counter.app; sourceTree = BUILT_PRODUCTS_DIR; };
		56D803F822A6E522000F5A78 /* AppDelegate.swift */ = {isa = PBXFileReference; lastKnownFileType = sourcecode.swift; path = AppDelegate.swift; sourceTree = "<group>"; };
		56D803FA22A6E522000F5A78 /* ContentView.swift */ = {isa = PBXFileReference; lastKnownFileType = sourcecode.swift; path = ContentView.swift; sourceTree = "<group>"; };
		56D803FC22A6E524000F5A78 /* Assets.xcassets */ = {isa = PBXFileReference; lastKnownFileType = folder.assetcatalog; path = Assets.xcassets; sourceTree = "<group>"; };
		56D803FF22A6E524000F5A78 /* Preview Assets.xcassets */ = {isa = PBXFileReference; lastKnownFileType = folder.assetcatalog; path = "Preview Assets.xcassets"; sourceTree = "<group>"; };
		56D8040222A6E524000F5A78 /* Base */ = {isa = PBXFileReference; lastKnownFileType = file.storyboard; name = Base; path = Base.lproj/Main.storyboard; sourceTree = "<group>"; };
		56D8040422A6E524000F5A78 /* Info.plist */ = {isa = PBXFileReference; lastKnownFileType = text.plist.xml; path = Info.plist; sourceTree = "<group>"; };
		56D8040522A6E524000F5A78 /* counter.entitlements */ = {isa = PBXFileReference; lastKnownFileType = text.plist.entitlements; path = counter.entitlements; sourceTree = "<group>"; };
		56D8040A22A6E525000F5A78 /* counterTests.xctest */ = {isa = PBXFileReference; explicitFileType = wrapper.cfbundle; includeInIndex = 0; path = counterTests.xctest; sourceTree = BUILT_PRODUCTS_DIR; };
		56D8040E22A6E525000F5A78 /* counterTests.swift */ = {isa = PBXFileReference; lastKnownFileType = sourcecode.swift; path = counterTests.swift; sourceTree = "<group>"; };
		56D8041022A6E525000F5A78 /* Info.plist */ = {isa = PBXFileReference; lastKnownFileType = text.plist.xml; path = Info.plist; sourceTree = "<group>"; };
/* End PBXFileReference section */

/* Begin PBXFrameworksBuildPhase section */
		56D803F222A6E522000F5A78 /* Frameworks */ = {
			isa = PBXFrameworksBuildPhase;
			buildActionMask = 2147483647;
			files = (
			);
			runOnlyForDeploymentPostprocessing = 0;
		};
		56D8040722A6E525000F5A78 /* Frameworks */ = {
			isa = PBXFrameworksBuildPhase;
			buildActionMask = 2147483647;
			files = (
			);
			runOnlyForDeploymentPostprocessing = 0;
		};
/* End PBXFrameworksBuildPhase section */

/* Begin PBXGroup section */
		56D803EC22A6E522000F5A78 = {
			isa = PBXGroup;
			children = (
				56D803F722A6E522000F5A78 /* counter */,
				56D8040D22A6E525000F5A78 /* counterTests */,
				56D803F622A6E522000F5A78 /* Products */,
			);
			sourceTree = "<group>";
		};
		56D803F622A6E522000F5A78 /* Products */ = {
			isa = PBXGroup;
			children = (
				56D803F522A6E522000F5A78 /* counter.app */,
				56D8040A22A6E525000F5A78 /* counterTests.xctest */,
			);
			name = Products;
			sourceTree = "<group>";
		};
		56D803F722A6E522000F5A78 /* counter */ = {
			isa = PBXGroup;
			children = (
				56D803F822A6E522000F5A78 /* AppDelegate.swift */,
				56D803FA22A6E522000F5A78 /* ContentView.swift */,
				56D803FC22A6E524000F5A78 /* Assets.xcassets */,
				56D8040122A6E524000F5A78 /* Main.storyboard */,
				56D8040422A6E524000F5A78 /* Info.plist */,
				56D8040522A6E524000F5A78 /* counter.entitlements */,
				56D803FE22A6E524000F5A78 /* Preview Content */,
			);
			path = counter;
			sourceTree = "<group>";
		};
		56D803FE22A6E524000F5A78 /* Preview Content */ = {
			isa = PBXGroup;
			children = (
				56D803FF22A6E524000F5A78 /* Preview Assets.xcassets */,
			);
			path = "Preview Content";
			sourceTree = "<group>";
		};
		56D8040D22A6E525000F5A78 /* counterTests */ = {
			isa = PBXGroup;
			children = (
				56D8040E22A6E525000F5A78 /* counterTests.swift */,
				56D8041022A6E525000F5A78 /* Info.plist */,
			);
			path = counterTests;
			sourceTree = "<group>";
		};
/* End PBXGroup section */

/* Begin PBXNativeTarget section */
		56D803F422A6E522000F5A78 /* counter */ = {
			isa = PBXNativeTarget;
			buildConfigurationList = 56D8041322A6E525000F5A78 /* Build configuration list for PBXNativeTarget "counter" */;
			buildPhases = (
				56D803F122A6E522000F5A78 /* Sources */,
				56D803F222A6E522000F5A78 /* Frameworks */,
				56D803F322A6E522000F5A78 /* Resources */,
			);
			buildRules = (
			);
			dependencies = (
			);
			name = counter;
			productName = counter;
			productReference = 56D803F522A6E522000F5A78 /* counter.app */;
			productType = "com.apple.product-type.application";
		};
		56D8040922A6E525000F5A78 /* counterTests */ = {
			isa = PBXNativeTarget;
			buildConfigurationList = 56D8041622A6E525000F5A78 /* Build configuration list for PBXNativeTarget "counterTests" */;
			buildPhases = (
				56D8040622A6E525000F5A78 /* Sources */,
				56D8040722A6E525000F5A78 /* Frameworks */,
				56D8040822A6E525000F5A78 /* Resources */,
			);
			buildRules = (
			);
			dependencies = (
				56D8040C22A6E525000F5A78 /* PBXTargetDependency */,
			);
			name = counterTests;
			productName = counterTests;
			productReference = 56D8040A22A6E525000F5A78 /* counterTests.xctest */;
			productType = "com.apple.product-type.bundle.unit-test";
		};
/* End PBXNativeTarget section */

/* Begin PBXProject section */
		56D803ED22A6E522000F5A78 /* Project object */ = {
			isa = PBXProject;
			attributes = {
				LastSwiftUpdateCheck = 1100;
				LastUpgradeCheck = 1100;
				ORGANIZATIONNAME = "Charles Kenney";
				TargetAttributes = {
					56D803F422A6E522000F5A78 = {
						CreatedOnToolsVersion = 11.0;
					};
					56D8040922A6E525000F5A78 = {
						CreatedOnToolsVersion = 11.0;
						TestTargetID = 56D803F422A6E522000F5A78;
					};
				};
			};
			buildConfigurationList = 56D803F022A6E522000F5A78 /* Build configuration list for PBXProject "counter" */;
			compatibilityVersion = "Xcode 9.3";
			developmentRegion = en;
			hasScannedForEncodings = 0;
			knownRegions = (
				en,
				Base,
			);
			mainGroup = 56D803EC22A6E522000F5A78;
			productRefGroup = 56D803F622A6E522000F5A78 /* Products */;
			projectDirPath = "";
			projectRoot = "";
			targets = (
				56D803F422A6E522000F5A78 /* counter */,
				56D8040922A6E525000F5A78 /* counterTests */,
			);
		};
/* End PBXProject section */

/* Begin PBXResourcesBuildPhase section */
		56D803F322A6E522000F5A78 /* Resources */ = {
			isa = PBXResourcesBuildPhase;
			buildActionMask = 2147483647;
			files = (
				56D8040322A6E524000F5A78 /* Main.storyboard in Resources */,
				56D8040022A6E524000F5A78 /* Preview Assets.xcassets in Resources */,
				56D803FD22A6E524000F5A78 /* Assets.xcassets in Resources */,
			);
			runOnlyForDeploymentPostprocessing = 0;
		};
		56D8040822A6E525000F5A78 /* Resources */ = {
			isa = PBXResourcesBuildPhase;
			buildActionMask = 2147483647;
			files = (
			);
			runOnlyForDeploymentPostprocessing = 0;
		};
/* End PBXResourcesBuildPhase section */

/* Begin PBXSourcesBuildPhase section */
		56D803F122A6E522000F5A78 /* Sources */ = {
			isa = PBXSourcesBuildPhase;
			buildActionMask = 2147483647;
			files = (
				56D803FB22A6E522000F5A78 /* ContentView.swift in Sources */,
				56D803F922A6E522000F5A78 /* AppDelegate.swift in Sources */,
			);
			runOnlyForDeploymentPostprocessing = 0;
		};
		56D8040622A6E525000F5A78 /* Sources */ = {
			isa = PBXSourcesBuildPhase;
			buildActionMask = 2147483647;
			files = (
				56D8040F22A6E525000F5A78 /* counterTests.swift in Sources */,
			);
			runOnlyForDeploymentPostprocessing = 0;
		};
/* End PBXSourcesBuildPhase section */

/* Begin PBXTargetDependency section */
		56D8040C22A6E525000F5A78 /* PBXTargetDependency */ = {
			isa = PBXTargetDependency;
			target = 56D803F422A6E522000F5A78 /* counter */;
			targetProxy = 56D8040B22A6E525000F5A78 /* PBXContainerItemProxy */;
		};
/* End PBXTargetDependency section */

/* Begin PBXVariantGroup section */
		56D8040122A6E524000F5A78 /* Main.storyboard */ = {
			isa = PBXVariantGroup;
			children = (
				56D8040222A6E524000F5A78 /* Base */,
			);
			name = Main.storyboard;
			sourceTree = "<group>";
		};
/* End PBXVariantGroup section */

/* Begin XCBuildConfiguration section */
		56D8041122A6E525000F5A78 /* Debug */ = {
			isa = XCBuildConfiguration;
			buildSettings = {
				ALWAYS_SEARCH_USER_PATHS = NO;
				CLANG_ANALYZER_NONNULL = YES;
				CLANG_ANALYZER_NUMBER_OBJECT_CONVERSION = YES_AGGRESSIVE;
				CLANG_CXX_LANGUAGE_STANDARD = "gnu++14";
				CLANG_CXX_LIBRARY = "libc++";
				CLANG_ENABLE_MODULES = YES;
				CLANG_ENABLE_OBJC_ARC = YES;
				CLANG_ENABLE_OBJC_WEAK = YES;
				CLANG_WARN_BLOCK_CAPTURE_AUTORELEASING = YES;
				CLANG_WARN_BOOL_CONVERSION = YES;
				CLANG_WARN_COMMA = YES;
				CLANG_WARN_CONSTANT_CONVERSION = YES;
				CLANG_WARN_DEPRECATED_OBJC_IMPLEMENTATIONS = YES;
				CLANG_WARN_DIRECT_OBJC_ISA_USAGE = YES_ERROR;
				CLANG_WARN_DOCUMENTATION_COMMENTS = YES;
				CLANG_WARN_EMPTY_BODY = YES;
				CLANG_WARN_ENUM_CONVERSION = YES;
				CLANG_WARN_INFINITE_RECURSION = YES;
				CLANG_WARN_INT_CONVERSION = YES;
				CLANG_WARN_NON_LITERAL_NULL_CONVERSION = YES;
				CLANG_WARN_OBJC_IMPLICIT_RETAIN_SELF = YES;
				CLANG_WARN_OBJC_LITERAL_CONVERSION = YES;
				CLANG_WARN_OBJC_ROOT_CLASS = YES_ERROR;
				CLANG_WARN_RANGE_LOOP_ANALYSIS = YES;
				CLANG_WARN_STRICT_PROTOTYPES = YES;
				CLANG_WARN_SUSPICIOUS_MOVE = YES;
				CLANG_WARN_UNGUARDED_AVAILABILITY = YES_AGGRESSIVE;
				CLANG_WARN_UNREACHABLE_CODE = YES;
				CLANG_WARN__DUPLICATE_METHOD_MATCH = YES;
				COPY_PHASE_STRIP = NO;
				DEBUG_INFORMATION_FORMAT = dwarf;
				ENABLE_STRICT_OBJC_MSGSEND = YES;
				ENABLE_TESTABILITY = YES;
				GCC_C_LANGUAGE_STANDARD = gnu11;
				GCC_DYNAMIC_NO_PIC = NO;
				GCC_NO_COMMON_BLOCKS = YES;
				GCC_OPTIMIZATION_LEVEL = 0;
				GCC_PREPROCESSOR_DEFINITIONS = (
					"DEBUG=1",
					"$(inherited)",
				);
				GCC_WARN_64_TO_32_BIT_CONVERSION = YES;
				GCC_WARN_ABOUT_RETURN_TYPE = YES_ERROR;
				GCC_WARN_UNDECLARED_SELECTOR = YES;
				GCC_WARN_UNINITIALIZED_AUTOS = YES_AGGRESSIVE;
				GCC_WARN_UNUSED_FUNCTION = YES;
				GCC_WARN_UNUSED_VARIABLE = YES;
				MACOSX_DEPLOYMENT_TARGET = 10.15;
				MTL_ENABLE_DEBUG_INFO = INCLUDE_SOURCE;
				MTL_FAST_MATH = YES;
				ONLY_ACTIVE_ARCH = YES;
				SDKROOT = macosx;
				SWIFT_ACTIVE_COMPILATION_CONDITIONS = DEBUG;
				SWIFT_OPTIMIZATION_LEVEL = "-Onone";
			};
			name = Debug;
		};
		56D8041222A6E525000F5A78 /* Release */ = {
			isa = XCBuildConfiguration;
			buildSettings = {
				ALWAYS_SEARCH_USER_PATHS = NO;
				CLANG_ANALYZER_NONNULL = YES;
				CLANG_ANALYZER_NUMBER_OBJECT_CONVERSION = YES_AGGRESSIVE;
				CLANG_CXX_LANGUAGE_STANDARD = "gnu++14";
				CLANG_CXX_LIBRARY = "libc++";
				CLANG_ENABLE_MODULES = YES;
				CLANG_ENABLE_OBJC_ARC = YES;
				CLANG_ENABLE_OBJC_WEAK = YES;
				CLANG_WARN_BLOCK_CAPTURE_AUTORELEASING = YES;
				CLANG_WARN_BOOL_CONVERSION = YES;
				CLANG_WARN_COMMA = YES;
				CLANG_WARN_CONSTANT_CONVERSION = YES;
				CLANG_WARN_DEPRECATED_OBJC_IMPLEMENTATIONS = YES;
				CLANG_WARN_DIRECT_OBJC_ISA_USAGE = YES_ERROR;
				CLANG_WARN_DOCUMENTATION_COMMENTS = YES;
				CLANG_WARN_EMPTY_BODY = YES;
				CLANG_WARN_ENUM_CONVERSION = YES;
				CLANG_WARN_INFINITE_RECURSION = YES;
				CLANG_WARN_INT_CONVERSION = YES;
				CLANG_WARN_NON_LITERAL_NULL_CONVERSION = YES;
				CLANG_WARN_OBJC_IMPLICIT_RETAIN_SELF = YES;
				CLANG_WARN_OBJC_LITERAL_CONVERSION = YES;
				CLANG_WARN_OBJC_ROOT_CLASS = YES_ERROR;
				CLANG_WARN_RANGE_LOOP_ANALYSIS = YES;
				CLANG_WARN_STRICT_PROTOTYPES = YES;
				CLANG_WARN_SUSPICIOUS_MOVE = YES;
				CLANG_WARN_UNGUARDED_AVAILABILITY = YES_AGGRESSIVE;
				CLANG_WARN_UNREACHABLE_CODE = YES;
				CLANG_WARN__DUPLICATE_METHOD_MATCH = YES;
				COPY_PHASE_STRIP = NO;
				DEBUG_INFORMATION_FORMAT = "dwarf-with-dsym";
				ENABLE_NS_ASSERTIONS = NO;
				ENABLE_STRICT_OBJC_MSGSEND = YES;
				GCC_C_LANGUAGE_STANDARD = gnu11;
				GCC_NO_COMMON_BLOCKS = YES;
				GCC_WARN_64_TO_32_BIT_CONVERSION = YES;
				GCC_WARN_ABOUT_RETURN_TYPE = YES_ERROR;
				GCC_WARN_UNDECLARED_SELECTOR = YES;
				GCC_WARN_UNINITIALIZED_AUTOS = YES_AGGRESSIVE;
				GCC_WARN_UNUSED_FUNCTION = YES;
				GCC_WARN_UNUSED_VARIABLE = YES;
				MACOSX_DEPLOYMENT_TARGET = 10.15;
				MTL_ENABLE_DEBUG_INFO = NO;
				MTL_FAST_MATH = YES;
				SDKROOT = macosx;
				SWIFT_COMPILATION_MODE = wholemodule;
				SWIFT_OPTIMIZATION_LEVEL = "-O";
			};
			name = Release;
		};
		56D8041422A6E525000F5A78 /* Debug */ = {
			isa = XCBuildConfiguration;
			buildSettings = {
				ASSETCATALOG_COMPILER_APPICON_NAME = AppIcon;
				CODE_SIGN_ENTITLEMENTS = counter/counter.entitlements;
				CODE_SIGN_STYLE = Automatic;
				COMBINE_HIDPI_IMAGES = YES;
				DEVELOPMENT_ASSET_PATHS = "counter/Preview\\ Content";
				DEVELOPMENT_TEAM = 92E3TM2LT5;
				ENABLE_HARDENED_RUNTIME = YES;
				ENABLE_PREVIEWS = YES;
				INFOPLIST_FILE = counter/Info.plist;
				LD_RUNPATH_SEARCH_PATHS = (
					"$(inherited)",
					"@executable_path/../Frameworks",
				);
				PRODUCT_BUNDLE_IDENTIFIER = codes.chaz.counter;
				PRODUCT_NAME = "$(TARGET_NAME)";
				SWIFT_VERSION = 5.0;
			};
			name = Debug;
		};
		56D8041522A6E525000F5A78 /* Release */ = {
			isa = XCBuildConfiguration;
			buildSettings = {
				ASSETCATALOG_COMPILER_APPICON_NAME = AppIcon;
				CODE_SIGN_ENTITLEMENTS = counter/counter.entitlements;
				CODE_SIGN_STYLE = Automatic;
				COMBINE_HIDPI_IMAGES = YES;
				DEVELOPMENT_ASSET_PATHS = "counter/Preview\\ Content";
				DEVELOPMENT_TEAM = 92E3TM2LT5;
				ENABLE_HARDENED_RUNTIME = YES;
				ENABLE_PREVIEWS = YES;
				INFOPLIST_FILE = counter/Info.plist;
				LD_RUNPATH_SEARCH_PATHS = (
					"$(inherited)",
					"@executable_path/../Frameworks",
				);
				PRODUCT_BUNDLE_IDENTIFIER = codes.chaz.counter;
				PRODUCT_NAME = "$(TARGET_NAME)";
				SWIFT_VERSION = 5.0;
			};
			name = Release;
		};
		56D8041722A6E525000F5A78 /* Debug */ = {
			isa = XCBuildConfiguration;
			buildSettings = {
				ALWAYS_EMBED_SWIFT_STANDARD_LIBRARIES = YES;
				BUNDLE_LOADER = "$(TEST_HOST)";
				CODE_SIGN_STYLE = Automatic;
				COMBINE_HIDPI_IMAGES = YES;
				DEVELOPMENT_TEAM = 92E3TM2LT5;
				INFOPLIST_FILE = counterTests/Info.plist;
				LD_RUNPATH_SEARCH_PATHS = (
					"$(inherited)",
					"@executable_path/../Frameworks",
					"@loader_path/../Frameworks",
				);
				PRODUCT_BUNDLE_IDENTIFIER = codes.chaz.counterTests;
				PRODUCT_NAME = "$(TARGET_NAME)";
				SWIFT_VERSION = 5.0;
				TEST_HOST = "$(BUILT_PRODUCTS_DIR)/counter.app/Contents/MacOS/counter";
			};
			name = Debug;
		};
		56D8041822A6E525000F5A78 /* Release */ = {
			isa = XCBuildConfiguration;
			buildSettings = {
				ALWAYS_EMBED_SWIFT_STANDARD_LIBRARIES = YES;
				BUNDLE_LOADER = "$(TEST_HOST)";
				CODE_SIGN_STYLE = Automatic;
				COMBINE_HIDPI_IMAGES = YES;
				DEVELOPMENT_TEAM = 92E3TM2LT5;
				INFOPLIST_FILE = counterTests/Info.plist;
				LD_RUNPATH_SEARCH_PATHS = (
					"$(inherited)",
					"@executable_path/../Frameworks",
					"@loader_path/../Frameworks",
				);
				PRODUCT_BUNDLE_IDENTIFIER = codes.chaz.counterTests;
				PRODUCT_NAME = "$(TARGET_NAME)";
				SWIFT_VERSION = 5.0;
				TEST_HOST = "$(BUILT_PRODUCTS_DIR)/counter.app/Contents/MacOS/counter";
			};
			name = Release;
		};
/* End XCBuildConfiguration section */

/* Begin XCConfigurationList section */
		56D803F022A6E522000F5A78 /* Build configuration list for PBXProject "counter" */ = {
			isa = XCConfigurationList;
			buildConfigurations = (
				56D8041122A6E525000F5A78 /* Debug */,
				56D8041222A6E525000F5A78 /* Release */,
			);
			defaultConfigurationIsVisible = 0;
			defaultConfigurationName = Release;
		};
		56D8041322A6E525000F5A78 /* Build configuration list for PBXNativeTarget "counter" */ = {
			isa = XCConfigurationList;
			buildConfigurations = (
				56D8041422A6E525000F5A78 /* Debug */,
				56D8041522A6E525000F5A78 /* Release */,
			);
			defaultConfigurationIsVisible = 0;
			defaultConfigurationName = Release;
		};
		56D8041622A6E525000F5A78 /* Build configuration list for PBXNativeTarget "counterTests" */ = {
			isa = XCConfigurationList;
			buildConfigurations = (
				56D8041722A6E525000F5A78 /* Debug */,
				56D8041822A6E525000F5A78 /* Release */,
			);
			defaultConfigurationIsVisible = 0;
			defaultConfigurationName = Release;
		};
/* End XCConfigurationList section */
	};
	rootObject = 56D803ED22A6E522000F5A78 /* Project object */;
}
